// !$*UTF8*$!
{
	archiveVersion = 1;
	classes = {
	};
	objectVersion = 46;
	objects = {

/* Begin PBXBuildFile section */
		814F5F4A1B5D696B007D2F0C /* AppDelegate.swift in Sources */ = {isa = PBXBuildFile; fileRef = 814F5F491B5D696B007D2F0C /* AppDelegate.swift */; };
		814F5F4C1B5D696B007D2F0C /* MasterViewController.swift in Sources */ = {isa = PBXBuildFile; fileRef = 814F5F4B1B5D696B007D2F0C /* MasterViewController.swift */; };
		814F5F4E1B5D696B007D2F0C /* DetailViewController.swift in Sources */ = {isa = PBXBuildFile; fileRef = 814F5F4D1B5D696B007D2F0C /* DetailViewController.swift */; };
		814F5F511B5D696B007D2F0C /* Main.storyboard in Resources */ = {isa = PBXBuildFile; fileRef = 814F5F4F1B5D696B007D2F0C /* Main.storyboard */; };
		814F5F531B5D696B007D2F0C /* Images.xcassets in Resources */ = {isa = PBXBuildFile; fileRef = 814F5F521B5D696B007D2F0C /* Images.xcassets */; };
		814F5F561B5D696B007D2F0C /* LaunchScreen.xib in Resources */ = {isa = PBXBuildFile; fileRef = 814F5F541B5D696B007D2F0C /* LaunchScreen.xib */; };
		814F5F621B5D696B007D2F0C /* CocoaPodAppTests.swift in Sources */ = {isa = PBXBuildFile; fileRef = 814F5F611B5D696B007D2F0C /* CocoaPodAppTests.swift */; };
		814F5F6D1B5D6A68007D2F0C /* Date.swift in Sources */ = {isa = PBXBuildFile; fileRef = 814F5F6C1B5D6A68007D2F0C /* Date.swift */; };
		814F5F6F1B5D6B3B007D2F0C /* Entry.swift in Sources */ = {isa = PBXBuildFile; fileRef = 814F5F6E1B5D6B3B007D2F0C /* Entry.swift */; };
		814F5F711B5D7150007D2F0C /* JSONConverter.swift in Sources */ = {isa = PBXBuildFile; fileRef = 814F5F701B5D7150007D2F0C /* JSONConverter.swift */; };
		814F5F751B5D79B7007D2F0C /* new-pods.json in Resources */ = {isa = PBXBuildFile; fileRef = 814F5F741B5D79B7007D2F0C /* new-pods.json */; };
/* End PBXBuildFile section */

/* Begin PBXContainerItemProxy section */
		814F5F5C1B5D696B007D2F0C /* PBXContainerItemProxy */ = {
			isa = PBXContainerItemProxy;
			containerPortal = 814F5F3C1B5D696B007D2F0C /* Project object */;
			proxyType = 1;
			remoteGlobalIDString = 814F5F431B5D696B007D2F0C;
			remoteInfo = CocoaPodApp;
		};
/* End PBXContainerItemProxy section */

/* Begin PBXFileReference section */
		814F5F441B5D696B007D2F0C /* CocoaPodApp.app */ = {isa = PBXFileReference; explicitFileType = wrapper.application; includeInIndex = 0; path = CocoaPodApp.app; sourceTree = BUILT_PRODUCTS_DIR; };
		814F5F481B5D696B007D2F0C /* Info.plist */ = {isa = PBXFileReference; lastKnownFileType = text.plist.xml; path = Info.plist; sourceTree = "<group>"; };
		814F5F491B5D696B007D2F0C /* AppDelegate.swift */ = {isa = PBXFileReference; lastKnownFileType = sourcecode.swift; path = AppDelegate.swift; sourceTree = "<group>"; };
		814F5F4B1B5D696B007D2F0C /* MasterViewController.swift */ = {isa = PBXFileReference; lastKnownFileType = sourcecode.swift; path = MasterViewController.swift; sourceTree = "<group>"; };
		814F5F4D1B5D696B007D2F0C /* DetailViewController.swift */ = {isa = PBXFileReference; lastKnownFileType = sourcecode.swift; path = DetailViewController.swift; sourceTree = "<group>"; };
		814F5F501B5D696B007D2F0C /* Base */ = {isa = PBXFileReference; lastKnownFileType = file.storyboard; name = Base; path = Base.lproj/Main.storyboard; sourceTree = "<group>"; };
		814F5F521B5D696B007D2F0C /* Images.xcassets */ = {isa = PBXFileReference; lastKnownFileType = folder.assetcatalog; path = Images.xcassets; sourceTree = "<group>"; };
		814F5F551B5D696B007D2F0C /* Base */ = {isa = PBXFileReference; lastKnownFileType = file.xib; name = Base; path = Base.lproj/LaunchScreen.xib; sourceTree = "<group>"; };
		814F5F5B1B5D696B007D2F0C /* CocoaPodAppTests.xctest */ = {isa = PBXFileReference; explicitFileType = wrapper.cfbundle; includeInIndex = 0; path = CocoaPodAppTests.xctest; sourceTree = BUILT_PRODUCTS_DIR; };
		814F5F601B5D696B007D2F0C /* Info.plist */ = {isa = PBXFileReference; lastKnownFileType = text.plist.xml; path = Info.plist; sourceTree = "<group>"; };
		814F5F611B5D696B007D2F0C /* CocoaPodAppTests.swift */ = {isa = PBXFileReference; lastKnownFileType = sourcecode.swift; path = CocoaPodAppTests.swift; sourceTree = "<group>"; };
		814F5F6C1B5D6A68007D2F0C /* Date.swift */ = {isa = PBXFileReference; fileEncoding = 4; lastKnownFileType = sourcecode.swift; path = Date.swift; sourceTree = "<group>"; };
		814F5F6E1B5D6B3B007D2F0C /* Entry.swift */ = {isa = PBXFileReference; fileEncoding = 4; lastKnownFileType = sourcecode.swift; path = Entry.swift; sourceTree = "<group>"; };
		814F5F701B5D7150007D2F0C /* JSONConverter.swift */ = {isa = PBXFileReference; fileEncoding = 4; lastKnownFileType = sourcecode.swift; path = JSONConverter.swift; sourceTree = "<group>"; };
		814F5F741B5D79B7007D2F0C /* new-pods.json */ = {isa = PBXFileReference; fileEncoding = 4; lastKnownFileType = text.json; path = "new-pods.json"; sourceTree = "<group>"; };
/* End PBXFileReference section */

/* Begin PBXFrameworksBuildPhase section */
		814F5F411B5D696B007D2F0C /* Frameworks */ = {
			isa = PBXFrameworksBuildPhase;
			buildActionMask = 2147483647;
			files = (
			);
			runOnlyForDeploymentPostprocessing = 0;
		};
		814F5F581B5D696B007D2F0C /* Frameworks */ = {
			isa = PBXFrameworksBuildPhase;
			buildActionMask = 2147483647;
			files = (
			);
			runOnlyForDeploymentPostprocessing = 0;
		};
/* End PBXFrameworksBuildPhase section */

/* Begin PBXGroup section */
		814F5F3B1B5D696B007D2F0C = {
			isa = PBXGroup;
			children = (
				814F5F461B5D696B007D2F0C /* CocoaPodApp */,
				814F5F5E1B5D696B007D2F0C /* CocoaPodAppTests */,
				814F5F451B5D696B007D2F0C /* Products */,
			);
			sourceTree = "<group>";
		};
		814F5F451B5D696B007D2F0C /* Products */ = {
			isa = PBXGroup;
			children = (
				814F5F441B5D696B007D2F0C /* CocoaPodApp.app */,
				814F5F5B1B5D696B007D2F0C /* CocoaPodAppTests.xctest */,
			);
			name = Products;
			sourceTree = "<group>";
		};
		814F5F461B5D696B007D2F0C /* CocoaPodApp */ = {
			isa = PBXGroup;
			children = (
				814F5F731B5D79B7007D2F0C /* Resources */,
				814F5F721B5D7157007D2F0C /* Model */,
				814F5F491B5D696B007D2F0C /* AppDelegate.swift */,
				814F5F4B1B5D696B007D2F0C /* MasterViewController.swift */,
				814F5F4D1B5D696B007D2F0C /* DetailViewController.swift */,
				814F5F4F1B5D696B007D2F0C /* Main.storyboard */,
				814F5F521B5D696B007D2F0C /* Images.xcassets */,
				814F5F541B5D696B007D2F0C /* LaunchScreen.xib */,
				814F5F471B5D696B007D2F0C /* Supporting Files */,
			);
			path = CocoaPodApp;
			sourceTree = "<group>";
		};
		814F5F471B5D696B007D2F0C /* Supporting Files */ = {
			isa = PBXGroup;
			children = (
				814F5F481B5D696B007D2F0C /* Info.plist */,
			);
			name = "Supporting Files";
			sourceTree = "<group>";
		};
		814F5F5E1B5D696B007D2F0C /* CocoaPodAppTests */ = {
			isa = PBXGroup;
			children = (
				814F5F611B5D696B007D2F0C /* CocoaPodAppTests.swift */,
				814F5F5F1B5D696B007D2F0C /* Supporting Files */,
			);
			path = CocoaPodAppTests;
			sourceTree = "<group>";
		};
		814F5F5F1B5D696B007D2F0C /* Supporting Files */ = {
			isa = PBXGroup;
			children = (
				814F5F601B5D696B007D2F0C /* Info.plist */,
			);
			name = "Supporting Files";
			sourceTree = "<group>";
		};
		814F5F6B1B5D69D2007D2F0C /* Structs */ = {
			isa = PBXGroup;
			children = (
				814F5F6C1B5D6A68007D2F0C /* Date.swift */,
				814F5F6E1B5D6B3B007D2F0C /* Entry.swift */,
			);
			name = Structs;
			sourceTree = "<group>";
		};
		814F5F721B5D7157007D2F0C /* Model */ = {
			isa = PBXGroup;
			children = (
				814F5F6B1B5D69D2007D2F0C /* Structs */,
				814F5F701B5D7150007D2F0C /* JSONConverter.swift */,
			);
			name = Model;
			sourceTree = "<group>";
		};
		814F5F731B5D79B7007D2F0C /* Resources */ = {
			isa = PBXGroup;
			children = (
				814F5F741B5D79B7007D2F0C /* new-pods.json */,
			);
			path = Resources;
			sourceTree = "<group>";
		};
/* End PBXGroup section */

/* Begin PBXNativeTarget section */
		814F5F431B5D696B007D2F0C /* CocoaPodApp */ = {
			isa = PBXNativeTarget;
			buildConfigurationList = 814F5F651B5D696B007D2F0C /* Build configuration list for PBXNativeTarget "CocoaPodApp" */;
			buildPhases = (
				814F5F401B5D696B007D2F0C /* Sources */,
				814F5F411B5D696B007D2F0C /* Frameworks */,
				814F5F421B5D696B007D2F0C /* Resources */,
			);
			buildRules = (
			);
			dependencies = (
			);
			name = CocoaPodApp;
			productName = CocoaPodApp;
			productReference = 814F5F441B5D696B007D2F0C /* CocoaPodApp.app */;
			productType = "com.apple.product-type.application";
		};
		814F5F5A1B5D696B007D2F0C /* CocoaPodAppTests */ = {
			isa = PBXNativeTarget;
			buildConfigurationList = 814F5F681B5D696B007D2F0C /* Build configuration list for PBXNativeTarget "CocoaPodAppTests" */;
			buildPhases = (
				814F5F571B5D696B007D2F0C /* Sources */,
				814F5F581B5D696B007D2F0C /* Frameworks */,
				814F5F591B5D696B007D2F0C /* Resources */,
			);
			buildRules = (
			);
			dependencies = (
				814F5F5D1B5D696B007D2F0C /* PBXTargetDependency */,
			);
			name = CocoaPodAppTests;
			productName = CocoaPodAppTests;
			productReference = 814F5F5B1B5D696B007D2F0C /* CocoaPodAppTests.xctest */;
			productType = "com.apple.product-type.bundle.unit-test";
		};
/* End PBXNativeTarget section */

/* Begin PBXProject section */
		814F5F3C1B5D696B007D2F0C /* Project object */ = {
			isa = PBXProject;
			attributes = {
				LastUpgradeCheck = 0640;
				ORGANIZATIONNAME = iOS;
				TargetAttributes = {
					814F5F431B5D696B007D2F0C = {
						CreatedOnToolsVersion = 6.4;
					};
					814F5F5A1B5D696B007D2F0C = {
						CreatedOnToolsVersion = 6.4;
						TestTargetID = 814F5F431B5D696B007D2F0C;
					};
				};
			};
			buildConfigurationList = 814F5F3F1B5D696B007D2F0C /* Build configuration list for PBXProject "CocoaPodApp" */;
			compatibilityVersion = "Xcode 3.2";
			developmentRegion = English;
			hasScannedForEncodings = 0;
			knownRegions = (
				en,
				Base,
			);
			mainGroup = 814F5F3B1B5D696B007D2F0C;
			productRefGroup = 814F5F451B5D696B007D2F0C /* Products */;
			projectDirPath = "";
			projectRoot = "";
			targets = (
				814F5F431B5D696B007D2F0C /* CocoaPodApp */,
				814F5F5A1B5D696B007D2F0C /* CocoaPodAppTests */,
			);
		};
/* End PBXProject section */

/* Begin PBXResourcesBuildPhase section */
		814F5F421B5D696B007D2F0C /* Resources */ = {
			isa = PBXResourcesBuildPhase;
			buildActionMask = 2147483647;
			files = (
				814F5F511B5D696B007D2F0C /* Main.storyboard in Resources */,
				814F5F561B5D696B007D2F0C /* LaunchScreen.xib in Resources */,
				814F5F751B5D79B7007D2F0C /* new-pods.json in Resources */,
				814F5F531B5D696B007D2F0C /* Images.xcassets in Resources */,
			);
			runOnlyForDeploymentPostprocessing = 0;
		};
		814F5F591B5D696B007D2F0C /* Resources */ = {
			isa = PBXResourcesBuildPhase;
			buildActionMask = 2147483647;
			files = (
			);
			runOnlyForDeploymentPostprocessing = 0;
		};
/* End PBXResourcesBuildPhase section */

/* Begin PBXSourcesBuildPhase section */
		814F5F401B5D696B007D2F0C /* Sources */ = {
			isa = PBXSourcesBuildPhase;
			buildActionMask = 2147483647;
			files = (
				814F5F6F1B5D6B3B007D2F0C /* Entry.swift in Sources */,
				814F5F4E1B5D696B007D2F0C /* DetailViewController.swift in Sources */,
				814F5F711B5D7150007D2F0C /* JSONConverter.swift in Sources */,
				814F5F4C1B5D696B007D2F0C /* MasterViewController.swift in Sources */,
				814F5F4A1B5D696B007D2F0C /* AppDelegate.swift in Sources */,
				814F5F6D1B5D6A68007D2F0C /* Date.swift in Sources */,
			);
			runOnlyForDeploymentPostprocessing = 0;
		};
		814F5F571B5D696B007D2F0C /* Sources */ = {
			isa = PBXSourcesBuildPhase;
			buildActionMask = 2147483647;
			files = (
				814F5F621B5D696B007D2F0C /* CocoaPodAppTests.swift in Sources */,
			);
			runOnlyForDeploymentPostprocessing = 0;
		};
/* End PBXSourcesBuildPhase section */

/* Begin PBXTargetDependency section */
		814F5F5D1B5D696B007D2F0C /* PBXTargetDependency */ = {
			isa = PBXTargetDependency;
			target = 814F5F431B5D696B007D2F0C /* CocoaPodApp */;
			targetProxy = 814F5F5C1B5D696B007D2F0C /* PBXContainerItemProxy */;
		};
/* End PBXTargetDependency section */

/* Begin PBXVariantGroup section */
		814F5F4F1B5D696B007D2F0C /* Main.storyboard */ = {
			isa = PBXVariantGroup;
			children = (
				814F5F501B5D696B007D2F0C /* Base */,
			);
			name = Main.storyboard;
			sourceTree = "<group>";
		};
		814F5F541B5D696B007D2F0C /* LaunchScreen.xib */ = {
			isa = PBXVariantGroup;
			children = (
				814F5F551B5D696B007D2F0C /* Base */,
			);
			name = LaunchScreen.xib;
			sourceTree = "<group>";
		};
/* End PBXVariantGroup section */

/* Begin XCBuildConfiguration section */
		814F5F631B5D696B007D2F0C /* Debug */ = {
			isa = XCBuildConfiguration;
			buildSettings = {
				ALWAYS_SEARCH_USER_PATHS = NO;
				CLANG_CXX_LANGUAGE_STANDARD = "gnu++0x";
				CLANG_CXX_LIBRARY = "libc++";
				CLANG_ENABLE_MODULES = YES;
				CLANG_ENABLE_OBJC_ARC = YES;
				CLANG_WARN_BOOL_CONVERSION = YES;
				CLANG_WARN_CONSTANT_CONVERSION = YES;
				CLANG_WARN_DIRECT_OBJC_ISA_USAGE = YES_ERROR;
				CLANG_WARN_EMPTY_BODY = YES;
				CLANG_WARN_ENUM_CONVERSION = YES;
				CLANG_WARN_INT_CONVERSION = YES;
				CLANG_WARN_OBJC_ROOT_CLASS = YES_ERROR;
				CLANG_WARN_UNREACHABLE_CODE = YES;
				CLANG_WARN__DUPLICATE_METHOD_MATCH = YES;
				"CODE_SIGN_IDENTITY[sdk=iphoneos*]" = "iPhone Developer";
				COPY_PHASE_STRIP = NO;
				DEBUG_INFORMATION_FORMAT = "dwarf-with-dsym";
				ENABLE_STRICT_OBJC_MSGSEND = YES;
				GCC_C_LANGUAGE_STANDARD = gnu99;
				GCC_DYNAMIC_NO_PIC = NO;
				GCC_NO_COMMON_BLOCKS = YES;
				GCC_OPTIMIZATION_LEVEL = 0;
				GCC_PREPROCESSOR_DEFINITIONS = (
					"DEBUG=1",
					"$(inherited)",
				);
				GCC_SYMBOLS_PRIVATE_EXTERN = NO;
				GCC_WARN_64_TO_32_BIT_CONVERSION = YES;
				GCC_WARN_ABOUT_RETURN_TYPE = YES_ERROR;
				GCC_WARN_UNDECLARED_SELECTOR = YES;
				GCC_WARN_UNINITIALIZED_AUTOS = YES_AGGRESSIVE;
				GCC_WARN_UNUSED_FUNCTION = YES;
				GCC_WARN_UNUSED_VARIABLE = YES;
				IPHONEOS_DEPLOYMENT_TARGET = 8.4;
				MTL_ENABLE_DEBUG_INFO = YES;
				ONLY_ACTIVE_ARCH = YES;
				SDKROOT = iphoneos;
				SWIFT_OPTIMIZATION_LEVEL = "-Onone";
				TARGETED_DEVICE_FAMILY = "1,2";
			};
			name = Debug;
		};
		814F5F641B5D696B007D2F0C /* Release */ = {
			isa = XCBuildConfiguration;
			buildSettings = {
				ALWAYS_SEARCH_USER_PATHS = NO;
				CLANG_CXX_LANGUAGE_STANDARD = "gnu++0x";
				CLANG_CXX_LIBRARY = "libc++";
				CLANG_ENABLE_MODULES = YES;
				CLANG_ENABLE_OBJC_ARC = YES;
				CLANG_WARN_BOOL_CONVERSION = YES;
				CLANG_WARN_CONSTANT_CONVERSION = YES;
				CLANG_WARN_DIRECT_OBJC_ISA_USAGE = YES_ERROR;
				CLANG_WARN_EMPTY_BODY = YES;
				CLANG_WARN_ENUM_CONVERSION = YES;
				CLANG_WARN_INT_CONVERSION = YES;
				CLANG_WARN_OBJC_ROOT_CLASS = YES_ERROR;
				CLANG_WARN_UNREACHABLE_CODE = YES;
				CLANG_WARN__DUPLICATE_METHOD_MATCH = YES;
				"CODE_SIGN_IDENTITY[sdk=iphoneos*]" = "iPhone Developer";
				COPY_PHASE_STRIP = NO;
				DEBUG_INFORMATION_FORMAT = "dwarf-with-dsym";
				ENABLE_NS_ASSERTIONS = NO;
				ENABLE_STRICT_OBJC_MSGSEND = YES;
				GCC_C_LANGUAGE_STANDARD = gnu99;
				GCC_NO_COMMON_BLOCKS = YES;
				GCC_WARN_64_TO_32_BIT_CONVERSION = YES;
				GCC_WARN_ABOUT_RETURN_TYPE = YES_ERROR;
				GCC_WARN_UNDECLARED_SELECTOR = YES;
				GCC_WARN_UNINITIALIZED_AUTOS = YES_AGGRESSIVE;
				GCC_WARN_UNUSED_FUNCTION = YES;
				GCC_WARN_UNUSED_VARIABLE = YES;
				IPHONEOS_DEPLOYMENT_TARGET = 8.4;
				MTL_ENABLE_DEBUG_INFO = NO;
				SDKROOT = iphoneos;
				TARGETED_DEVICE_FAMILY = "1,2";
				VALIDATE_PRODUCT = YES;
			};
			name = Release;
		};
		814F5F661B5D696B007D2F0C /* Debug */ = {
			isa = XCBuildConfiguration;
			buildSettings = {
				ASSETCATALOG_COMPILER_APPICON_NAME = AppIcon;
				INFOPLIST_FILE = CocoaPodApp/Info.plist;
				LD_RUNPATH_SEARCH_PATHS = "$(inherited) @executable_path/Frameworks";
				PRODUCT_NAME = "$(TARGET_NAME)";
			};
			name = Debug;
		};
		814F5F671B5D696B007D2F0C /* Release */ = {
			isa = XCBuildConfiguration;
			buildSettings = {
				ASSETCATALOG_COMPILER_APPICON_NAME = AppIcon;
				INFOPLIST_FILE = CocoaPodApp/Info.plist;
				LD_RUNPATH_SEARCH_PATHS = "$(inherited) @executable_path/Frameworks";
				PRODUCT_NAME = "$(TARGET_NAME)";
			};
			name = Release;
		};
		814F5F691B5D696B007D2F0C /* Debug */ = {
			isa = XCBuildConfiguration;
			buildSettings = {
				BUNDLE_LOADER = "$(TEST_HOST)";
				FRAMEWORK_SEARCH_PATHS = (
					"$(SDKROOT)/Developer/Library/Frameworks",
					"$(inherited)",
				);
				GCC_PREPROCESSOR_DEFINITIONS = (
					"DEBUG=1",
					"$(inherited)",
				);
				INFOPLIST_FILE = CocoaPodAppTests/Info.plist;
				LD_RUNPATH_SEARCH_PATHS = "$(inherited) @executable_path/Frameworks @loader_path/Frameworks";
				PRODUCT_NAME = "$(TARGET_NAME)";
				TEST_HOST = "$(BUILT_PRODUCTS_DIR)/CocoaPodApp.app/CocoaPodApp";
			};
			name = Debug;
		};
		814F5F6A1B5D696B007D2F0C /* Release */ = {
			isa = XCBuildConfiguration;
			buildSettings = {
				BUNDLE_LOADER = "$(TEST_HOST)";
				FRAMEWORK_SEARCH_PATHS = (
					"$(SDKROOT)/Developer/Library/Frameworks",
					"$(inherited)",
				);
				INFOPLIST_FILE = CocoaPodAppTests/Info.plist;
				LD_RUNPATH_SEARCH_PATHS = "$(inherited) @executable_path/Frameworks @loader_path/Frameworks";
				PRODUCT_NAME = "$(TARGET_NAME)";
				TEST_HOST = "$(BUILT_PRODUCTS_DIR)/CocoaPodApp.app/CocoaPodApp";
			};
			name = Release;
		};
/* End XCBuildConfiguration section */

/* Begin XCConfigurationList section */
		814F5F3F1B5D696B007D2F0C /* Build configuration list for PBXProject "CocoaPodApp" */ = {
			isa = XCConfigurationList;
			buildConfigurations = (
				814F5F631B5D696B007D2F0C /* Debug */,
				814F5F641B5D696B007D2F0C /* Release */,
			);
			defaultConfigurationIsVisible = 0;
			defaultConfigurationName = Release;
		};
		814F5F651B5D696B007D2F0C /* Build configuration list for PBXNativeTarget "CocoaPodApp" */ = {
			isa = XCConfigurationList;
			buildConfigurations = (
				814F5F661B5D696B007D2F0C /* Debug */,
				814F5F671B5D696B007D2F0C /* Release */,
			);
			defaultConfigurationIsVisible = 0;
			defaultConfigurationName = Release;
		};
		814F5F681B5D696B007D2F0C /* Build configuration list for PBXNativeTarget "CocoaPodAppTests" */ = {
			isa = XCConfigurationList;
			buildConfigurations = (
				814F5F691B5D696B007D2F0C /* Debug */,
				814F5F6A1B5D696B007D2F0C /* Release */,
			);
			defaultConfigurationIsVisible = 0;
			defaultConfigurationName = Release;
		};
/* End XCConfigurationList section */
	};
	rootObject = 814F5F3C1B5D696B007D2F0C /* Project object */;
}
